PODS:
  - FBSnapshotTestCase (1.4)
  - TBAlertController (0.1.0)

DEPENDENCIES:
  - FBSnapshotTestCase
  - TBAlertController (from `../`)

EXTERNAL SOURCES:
  TBAlertController:
    :path: ../

SPEC CHECKSUMS:
  FBSnapshotTestCase: f9f225b5ba11c8d8c09075590490df16314e4d62
  TBAlertController: 1c68f5f612b710246c35846cfeb3b90b5ac580ac

COCOAPODS: 0.34.4
