PODS:
  - FBSnapshotTestCase (1.4)
  - TBAlertController (0.1.0)

DEPENDENCIES:
  - FBSnapshotTestCase
  - TBAlertController (from `../`)

EXTERNAL SOURCES:
  TBAlertController:
    :path: ../

SPEC CHECKSUMS:
  FBSnapshotTestCase: f9f225b5ba11c8d8c09075590490df16314e4d62
  TBAlertController: 99d547792fdd53be2c40e96d2f8d5e7e9cb4d1ac

COCOAPODS: 0.35.0
